
Microsoft Visual Studio Solution File, Format Version 12.00
# Visual Studio Version 17
VisualStudioVersion = 17.3.32929.385
MinimumVisualStudioVersion = 10.0.40219.1
Project("{FAE04EC0-301F-11D3-BF4B-00C04F79EFBC}") = "JespersMiniräknare", "JespersMiniräknare\JespersMiniräknare.csproj", "{6B6CFFF5-A2D3-4CC9-A11B-926A34C44DA3}"
EndProject
Global
	GlobalSection(SolutionConfigurationPlatforms) = preSolution
		Debug|Any CPU = Debug|Any CPU
		Release|Any CPU = Release|Any CPU
	EndGlobalSection
	GlobalSection(ProjectConfigurationPlatforms) = postSolution
		{6B6CFFF5-A2D3-4CC9-A11B-926A34C44DA3}.Debug|Any CPU.ActiveCfg = Debug|Any CPU
		{6B6CFFF5-A2D3-4CC9-A11B-926A34C44DA3}.Debug|Any CPU.Build.0 = Debug|Any CPU
		{6B6CFFF5-A2D3-4CC9-A11B-926A34C44DA3}.Release|Any CPU.ActiveCfg = Release|Any CPU
		{6B6CFFF5-A2D3-4CC9-A11B-926A34C44DA3}.Release|Any CPU.Build.0 = Release|Any CPU
	EndGlobalSection
	GlobalSection(SolutionProperties) = preSolution
		HideSolutionNode = FALSE
	EndGlobalSection
	GlobalSection(ExtensibilityGlobals) = postSolution
		SolutionGuid = {8E394CD0-C626-466E-989B-C7142D1CD71D}
	EndGlobalSection
EndGlobal
